
Microsoft Visual Studio Solution File, Format Version 12.00
Project("{FAE04EC0-301F-11D3-BF4B-00C04F79EFBC}") = "NullOps", "NullOps\NullOps.csproj", "{7885CFCA-451B-46B0-BE3A-F4DCCD21D14C}"
EndProject
Project("{FAE04EC0-301F-11D3-BF4B-00C04F79EFBC}") = "NullOps.Tests.E2ESuite", "NullOps.Tests.E2ESuite\NullOps.Tests.E2ESuite.csproj", "{02D1E593-7F99-4B63-8473-D1E686921ADA}"
EndProject
Project("{2150E333-8FDC-42A3-9474-1A3956D46DE8}") = "Containers", "Containers", "{C89D7077-A713-441A-9AD9-EABB6FF3E763}"
	ProjectSection(SolutionItems) = preProject
		NullOps.Dockerfile = NullOps.Dockerfile
		.dockerignore = .dockerignore
		E2ESuite.Dockerfile = E2ESuite.Dockerfile
	EndProjectSection
EndProject
Global
	GlobalSection(SolutionConfigurationPlatforms) = preSolution
		Debug|Any CPU = Debug|Any CPU
		Release|Any CPU = Release|Any CPU
	EndGlobalSection
	GlobalSection(ProjectConfigurationPlatforms) = postSolution
		{7885CFCA-451B-46B0-BE3A-F4DCCD21D14C}.Debug|Any CPU.ActiveCfg = Debug|Any CPU
		{7885CFCA-451B-46B0-BE3A-F4DCCD21D14C}.Debug|Any CPU.Build.0 = Debug|Any CPU
		{7885CFCA-451B-46B0-BE3A-F4DCCD21D14C}.Release|Any CPU.ActiveCfg = Release|Any CPU
		{7885CFCA-451B-46B0-BE3A-F4DCCD21D14C}.Release|Any CPU.Build.0 = Release|Any CPU
		{02D1E593-7F99-4B63-8473-D1E686921ADA}.Debug|Any CPU.ActiveCfg = Debug|Any CPU
		{02D1E593-7F99-4B63-8473-D1E686921ADA}.Debug|Any CPU.Build.0 = Debug|Any CPU
		{02D1E593-7F99-4B63-8473-D1E686921ADA}.Release|Any CPU.ActiveCfg = Release|Any CPU
		{02D1E593-7F99-4B63-8473-D1E686921ADA}.Release|Any CPU.Build.0 = Release|Any CPU
	EndGlobalSection
EndGlobal
