
Microsoft Visual Studio Solution File, Format Version 12.00
Project("{FAE04EC0-301F-11D3-BF4B-00C04F79EFBC}") = "NullOps", "NullOps\NullOps.csproj", "{7885CFCA-451B-46B0-BE3A-F4DCCD21D14C}"
EndProject
Project("{FAE04EC0-301F-11D3-BF4B-00C04F79EFBC}") = "NullOps.Tests.E2ESuite", "NullOps.Tests.E2ESuite\NullOps.Tests.E2ESuite.csproj", "{02D1E593-7F99-4B63-8473-D1E686921ADA}"
EndProject
Project("{2150E333-8FDC-42A3-9474-1A3956D46DE8}") = "Containers", "Containers", "{C89D7077-A713-441A-9AD9-EABB6FF3E763}"
	ProjectSection(SolutionItems) = preProject
		.dockerignore = .dockerignore
		E2ESuite.Dockerfile = E2ESuite.Dockerfile
		NullOps.Dockerfile = NullOps.Dockerfile
	EndProjectSection
EndProject
Project("{2150E333-8FDC-42A3-9474-1A3956D46DE8}") = "CI/CD", "CI/CD", "{D85D8EEF-8E18-4DD0-B2EF-26236091D32E}"
	ProjectSection(SolutionItems) = preProject
		..\.github\workflows\docs-workflow.yml = ..\.github\workflows\docs-workflow.yml
		..\.github\workflows\e2e-workflow.yml = ..\.github\workflows\e2e-workflow.yml
	EndProjectSection
EndProject
Project("{FAE04EC0-301F-11D3-BF4B-00C04F79EFBC}") = "NullOps.PipelinesExperiment", "NullOps.PipelinesExperiment\NullOps.PipelinesExperiment.csproj", "{BE79F613-2C28-4FE7-9E93-DABED06AD2A4}"
EndProject
Project("{FAE04EC0-301F-11D3-BF4B-00C04F79EFBC}") = "NullOps.PipelinesExperiment.Tests", "NullOps.PipelinesExperiment.Tests\NullOps.PipelinesExperiment.Tests.csproj", "{540341D4-9F81-49D4-A760-C4A9214BEF32}"
EndProject
Project("{2150E333-8FDC-42A3-9474-1A3956D46DE8}") = "CI/CD", "CI/CD", "{87DD5164-E8EB-45F0-9CD1-CB54764DABDC}"
	ProjectSection(SolutionItems) = preProject
		.circleci\config.yml = .circleci\config.yml
	EndProjectSection
EndProject
Global
	GlobalSection(SolutionConfigurationPlatforms) = preSolution
		Debug|Any CPU = Debug|Any CPU
		Release|Any CPU = Release|Any CPU
	EndGlobalSection
	GlobalSection(ProjectConfigurationPlatforms) = postSolution
		{7885CFCA-451B-46B0-BE3A-F4DCCD21D14C}.Debug|Any CPU.ActiveCfg = Debug|Any CPU
		{7885CFCA-451B-46B0-BE3A-F4DCCD21D14C}.Debug|Any CPU.Build.0 = Debug|Any CPU
		{7885CFCA-451B-46B0-BE3A-F4DCCD21D14C}.Release|Any CPU.ActiveCfg = Release|Any CPU
		{7885CFCA-451B-46B0-BE3A-F4DCCD21D14C}.Release|Any CPU.Build.0 = Release|Any CPU
		{02D1E593-7F99-4B63-8473-D1E686921ADA}.Debug|Any CPU.ActiveCfg = Debug|Any CPU
		{02D1E593-7F99-4B63-8473-D1E686921ADA}.Debug|Any CPU.Build.0 = Debug|Any CPU
		{02D1E593-7F99-4B63-8473-D1E686921ADA}.Release|Any CPU.ActiveCfg = Release|Any CPU
		{02D1E593-7F99-4B63-8473-D1E686921ADA}.Release|Any CPU.Build.0 = Release|Any CPU
		{BE79F613-2C28-4FE7-9E93-DABED06AD2A4}.Debug|Any CPU.ActiveCfg = Debug|Any CPU
		{BE79F613-2C28-4FE7-9E93-DABED06AD2A4}.Debug|Any CPU.Build.0 = Debug|Any CPU
		{BE79F613-2C28-4FE7-9E93-DABED06AD2A4}.Release|Any CPU.ActiveCfg = Release|Any CPU
		{BE79F613-2C28-4FE7-9E93-DABED06AD2A4}.Release|Any CPU.Build.0 = Release|Any CPU
		{540341D4-9F81-49D4-A760-C4A9214BEF32}.Debug|Any CPU.ActiveCfg = Debug|Any CPU
		{540341D4-9F81-49D4-A760-C4A9214BEF32}.Debug|Any CPU.Build.0 = Debug|Any CPU
		{540341D4-9F81-49D4-A760-C4A9214BEF32}.Release|Any CPU.ActiveCfg = Release|Any CPU
		{540341D4-9F81-49D4-A760-C4A9214BEF32}.Release|Any CPU.Build.0 = Release|Any CPU
	EndGlobalSection
EndGlobal
